
Microsoft Visual Studio Solution File, Format Version 12.00
# Visual Studio Version 17
VisualStudioVersion = 17.11.35312.102
MinimumVisualStudioVersion = 10.0.40219.1
Project("{FAE04EC0-301F-11D3-BF4B-00C04F79EFBC}") = "KalkulatorObiektowy", "KalkulatorObiektowy\KalkulatorObiektowy.csproj", "{A1CED21B-E235-490A-8496-D5B6BE8B724E}"
EndProject
Global
	GlobalSection(SolutionConfigurationPlatforms) = preSolution
		Debug|Any CPU = Debug|Any CPU
		Release|Any CPU = Release|Any CPU
	EndGlobalSection
	GlobalSection(ProjectConfigurationPlatforms) = postSolution
		{A1CED21B-E235-490A-8496-D5B6BE8B724E}.Debug|Any CPU.ActiveCfg = Debug|Any CPU
		{A1CED21B-E235-490A-8496-D5B6BE8B724E}.Debug|Any CPU.Build.0 = Debug|Any CPU
		{A1CED21B-E235-490A-8496-D5B6BE8B724E}.Release|Any CPU.ActiveCfg = Release|Any CPU
		{A1CED21B-E235-490A-8496-D5B6BE8B724E}.Release|Any CPU.Build.0 = Release|Any CPU
	EndGlobalSection
	GlobalSection(SolutionProperties) = preSolution
		HideSolutionNode = FALSE
	EndGlobalSection
	GlobalSection(ExtensibilityGlobals) = postSolution
		SolutionGuid = {1FBD4BBE-7D37-4BA4-8DB1-FD6D13EB55CC}
	EndGlobalSection
EndGlobal
